// !$*UTF8*$!
{
	archiveVersion = 1;
	classes = {
	};
	objectVersion = 46;
	objects = {

/* Begin PBXBuildFile section */
		4ABD00E91B0B6896004EF897 /* AppDelegate.swift in Sources */ = {isa = PBXBuildFile; fileRef = 4ABD00E81B0B6896004EF897 /* AppDelegate.swift */; };
		4ABD00EC1B0B6896004EF897 /* tratata.xcdatamodeld in Sources */ = {isa = PBXBuildFile; fileRef = 4ABD00EA1B0B6896004EF897 /* tratata.xcdatamodeld */; };
		4ABD00F11B0B6896004EF897 /* Main.storyboard in Resources */ = {isa = PBXBuildFile; fileRef = 4ABD00EF1B0B6896004EF897 /* Main.storyboard */; };
		4ABD00F31B0B6896004EF897 /* Images.xcassets in Resources */ = {isa = PBXBuildFile; fileRef = 4ABD00F21B0B6896004EF897 /* Images.xcassets */; };
		4ABD00F61B0B6896004EF897 /* LaunchScreen.xib in Resources */ = {isa = PBXBuildFile; fileRef = 4ABD00F41B0B6896004EF897 /* LaunchScreen.xib */; };
		4ABD01021B0B6896004EF897 /* tratataTests.swift in Sources */ = {isa = PBXBuildFile; fileRef = 4ABD01011B0B6896004EF897 /* tratataTests.swift */; };
		4AD899A81B0B6B3500CEAE52 /* BaseControllerInterface.swift in Sources */ = {isa = PBXBuildFile; fileRef = 4AD899A71B0B6B3500CEAE52 /* BaseControllerInterface.swift */; };
		4AD899AA1B0B6CDC00CEAE52 /* TrackListController.swift in Sources */ = {isa = PBXBuildFile; fileRef = 4AD899A91B0B6CDC00CEAE52 /* TrackListController.swift */; };
		4AD899AC1B0B75EA00CEAE52 /* RecorderViewController.swift in Sources */ = {isa = PBXBuildFile; fileRef = 4AD899AB1B0B75EA00CEAE52 /* RecorderViewController.swift */; };
		4AD899AE1B0B93E100CEAE52 /* SettingsViewController.swift in Sources */ = {isa = PBXBuildFile; fileRef = 4AD899AD1B0B93E100CEAE52 /* SettingsViewController.swift */; };
		4AD899B01B0B93EB00CEAE52 /* DetailsViewController.swift in Sources */ = {isa = PBXBuildFile; fileRef = 4AD899AF1B0B93EB00CEAE52 /* DetailsViewController.swift */; };
		4AD899B21B0B945400CEAE52 /* Social.framework in Frameworks */ = {isa = PBXBuildFile; fileRef = 4AD899B11B0B945400CEAE52 /* Social.framework */; };
		4AD899B41B0B945E00CEAE52 /* CoreData.framework in Frameworks */ = {isa = PBXBuildFile; fileRef = 4AD899B31B0B945E00CEAE52 /* CoreData.framework */; };
		4AD899B61B0B946900CEAE52 /* CoreLocation.framework in Frameworks */ = {isa = PBXBuildFile; fileRef = 4AD899B51B0B946900CEAE52 /* CoreLocation.framework */; };
		4AD899B81B0B947200CEAE52 /* CoreGraphics.framework in Frameworks */ = {isa = PBXBuildFile; fileRef = 4AD899B71B0B947200CEAE52 /* CoreGraphics.framework */; };
		4AD899BB1B0B976800CEAE52 /* EditTableViewCell.swift in Sources */ = {isa = PBXBuildFile; fileRef = 4AD899B91B0B976800CEAE52 /* EditTableViewCell.swift */; };
		4AD899BC1B0B976800CEAE52 /* EditTableViewCell.xib in Resources */ = {isa = PBXBuildFile; fileRef = 4AD899BA1B0B976800CEAE52 /* EditTableViewCell.xib */; };
		4AD899BE1B0B98C400CEAE52 /* MapKit.framework in Frameworks */ = {isa = PBXBuildFile; fileRef = 4AD899BD1B0B98C400CEAE52 /* MapKit.framework */; };
		4AD899C21B0B9EDA00CEAE52 /* Settings.swift in Sources */ = {isa = PBXBuildFile; fileRef = 4AD899C11B0B9EDA00CEAE52 /* Settings.swift */; };
		4AD899C41B0BA0CF00CEAE52 /* Foundation.framework in Frameworks */ = {isa = PBXBuildFile; fileRef = 4AD899C31B0BA0CF00CEAE52 /* Foundation.framework */; };
		4AD899C61B0BA0D600CEAE52 /* UIKit.framework in Frameworks */ = {isa = PBXBuildFile; fileRef = 4AD899C51B0BA0D600CEAE52 /* UIKit.framework */; };
/* End PBXBuildFile section */

/* Begin PBXContainerItemProxy section */
		4ABD00FC1B0B6896004EF897 /* PBXContainerItemProxy */ = {
			isa = PBXContainerItemProxy;
			containerPortal = 4ABD00DB1B0B6896004EF897 /* Project object */;
			proxyType = 1;
			remoteGlobalIDString = 4ABD00E21B0B6896004EF897;
			remoteInfo = tratata;
		};
/* End PBXContainerItemProxy section */

/* Begin PBXFileReference section */
		4ABD00E31B0B6896004EF897 /* tratata.app */ = {isa = PBXFileReference; explicitFileType = wrapper.application; includeInIndex = 0; path = tratata.app; sourceTree = BUILT_PRODUCTS_DIR; };
		4ABD00E71B0B6896004EF897 /* Info.plist */ = {isa = PBXFileReference; lastKnownFileType = text.plist.xml; path = Info.plist; sourceTree = "<group>"; };
		4ABD00E81B0B6896004EF897 /* AppDelegate.swift */ = {isa = PBXFileReference; lastKnownFileType = sourcecode.swift; path = AppDelegate.swift; sourceTree = "<group>"; };
		4ABD00EB1B0B6896004EF897 /* tratata.xcdatamodel */ = {isa = PBXFileReference; lastKnownFileType = wrapper.xcdatamodel; path = tratata.xcdatamodel; sourceTree = "<group>"; };
		4ABD00F01B0B6896004EF897 /* Base */ = {isa = PBXFileReference; lastKnownFileType = file.storyboard; name = Base; path = Base.lproj/Main.storyboard; sourceTree = "<group>"; };
		4ABD00F21B0B6896004EF897 /* Images.xcassets */ = {isa = PBXFileReference; lastKnownFileType = folder.assetcatalog; path = Images.xcassets; sourceTree = "<group>"; };
		4ABD00F51B0B6896004EF897 /* Base */ = {isa = PBXFileReference; lastKnownFileType = file.xib; name = Base; path = Base.lproj/LaunchScreen.xib; sourceTree = "<group>"; };
		4ABD00FB1B0B6896004EF897 /* tratataTests.xctest */ = {isa = PBXFileReference; explicitFileType = wrapper.cfbundle; includeInIndex = 0; path = tratataTests.xctest; sourceTree = BUILT_PRODUCTS_DIR; };
		4ABD01001B0B6896004EF897 /* Info.plist */ = {isa = PBXFileReference; lastKnownFileType = text.plist.xml; path = Info.plist; sourceTree = "<group>"; };
		4ABD01011B0B6896004EF897 /* tratataTests.swift */ = {isa = PBXFileReference; lastKnownFileType = sourcecode.swift; path = tratataTests.swift; sourceTree = "<group>"; };
		4AD899A71B0B6B3500CEAE52 /* BaseControllerInterface.swift */ = {isa = PBXFileReference; fileEncoding = 4; lastKnownFileType = sourcecode.swift; path = BaseControllerInterface.swift; sourceTree = "<group>"; };
		4AD899A91B0B6CDC00CEAE52 /* TrackListController.swift */ = {isa = PBXFileReference; fileEncoding = 4; lastKnownFileType = sourcecode.swift; path = TrackListController.swift; sourceTree = "<group>"; };
		4AD899AB1B0B75EA00CEAE52 /* RecorderViewController.swift */ = {isa = PBXFileReference; fileEncoding = 4; lastKnownFileType = sourcecode.swift; path = RecorderViewController.swift; sourceTree = "<group>"; };
		4AD899AD1B0B93E100CEAE52 /* SettingsViewController.swift */ = {isa = PBXFileReference; fileEncoding = 4; lastKnownFileType = sourcecode.swift; path = SettingsViewController.swift; sourceTree = "<group>"; };
		4AD899AF1B0B93EB00CEAE52 /* DetailsViewController.swift */ = {isa = PBXFileReference; fileEncoding = 4; lastKnownFileType = sourcecode.swift; path = DetailsViewController.swift; sourceTree = "<group>"; };
		4AD899B11B0B945400CEAE52 /* Social.framework */ = {isa = PBXFileReference; lastKnownFileType = wrapper.framework; name = Social.framework; path = System/Library/Frameworks/Social.framework; sourceTree = SDKROOT; };
		4AD899B31B0B945E00CEAE52 /* CoreData.framework */ = {isa = PBXFileReference; lastKnownFileType = wrapper.framework; name = CoreData.framework; path = System/Library/Frameworks/CoreData.framework; sourceTree = SDKROOT; };
		4AD899B51B0B946900CEAE52 /* CoreLocation.framework */ = {isa = PBXFileReference; lastKnownFileType = wrapper.framework; name = CoreLocation.framework; path = System/Library/Frameworks/CoreLocation.framework; sourceTree = SDKROOT; };
		4AD899B71B0B947200CEAE52 /* CoreGraphics.framework */ = {isa = PBXFileReference; lastKnownFileType = wrapper.framework; name = CoreGraphics.framework; path = System/Library/Frameworks/CoreGraphics.framework; sourceTree = SDKROOT; };
		4AD899B91B0B976800CEAE52 /* EditTableViewCell.swift */ = {isa = PBXFileReference; fileEncoding = 4; lastKnownFileType = sourcecode.swift; path = EditTableViewCell.swift; sourceTree = "<group>"; };
		4AD899BA1B0B976800CEAE52 /* EditTableViewCell.xib */ = {isa = PBXFileReference; fileEncoding = 4; lastKnownFileType = file.xib; path = EditTableViewCell.xib; sourceTree = "<group>"; };
		4AD899BD1B0B98C400CEAE52 /* MapKit.framework */ = {isa = PBXFileReference; lastKnownFileType = wrapper.framework; name = MapKit.framework; path = System/Library/Frameworks/MapKit.framework; sourceTree = SDKROOT; };
		4AD899C11B0B9EDA00CEAE52 /* Settings.swift */ = {isa = PBXFileReference; fileEncoding = 4; lastKnownFileType = sourcecode.swift; path = Settings.swift; sourceTree = "<group>"; };
		4AD899C31B0BA0CF00CEAE52 /* Foundation.framework */ = {isa = PBXFileReference; lastKnownFileType = wrapper.framework; name = Foundation.framework; path = System/Library/Frameworks/Foundation.framework; sourceTree = SDKROOT; };
		4AD899C51B0BA0D600CEAE52 /* UIKit.framework */ = {isa = PBXFileReference; lastKnownFileType = wrapper.framework; name = UIKit.framework; path = System/Library/Frameworks/UIKit.framework; sourceTree = SDKROOT; };
/* End PBXFileReference section */

/* Begin PBXFrameworksBuildPhase section */
		4ABD00E01B0B6896004EF897 /* Frameworks */ = {
			isa = PBXFrameworksBuildPhase;
			buildActionMask = 2147483647;
			files = (
				4AD899C61B0BA0D600CEAE52 /* UIKit.framework in Frameworks */,
				4AD899C41B0BA0CF00CEAE52 /* Foundation.framework in Frameworks */,
				4AD899BE1B0B98C400CEAE52 /* MapKit.framework in Frameworks */,
				4AD899B81B0B947200CEAE52 /* CoreGraphics.framework in Frameworks */,
				4AD899B61B0B946900CEAE52 /* CoreLocation.framework in Frameworks */,
				4AD899B41B0B945E00CEAE52 /* CoreData.framework in Frameworks */,
				4AD899B21B0B945400CEAE52 /* Social.framework in Frameworks */,
			);
			runOnlyForDeploymentPostprocessing = 0;
		};
		4ABD00F81B0B6896004EF897 /* Frameworks */ = {
			isa = PBXFrameworksBuildPhase;
			buildActionMask = 2147483647;
			files = (
			);
			runOnlyForDeploymentPostprocessing = 0;
		};
/* End PBXFrameworksBuildPhase section */

/* Begin PBXGroup section */
		4ABD00DA1B0B6896004EF897 = {
			isa = PBXGroup;
			children = (
				4AD899C51B0BA0D600CEAE52 /* UIKit.framework */,
				4AD899C31B0BA0CF00CEAE52 /* Foundation.framework */,
				4AD899BD1B0B98C400CEAE52 /* MapKit.framework */,
				4AD899B71B0B947200CEAE52 /* CoreGraphics.framework */,
				4AD899B51B0B946900CEAE52 /* CoreLocation.framework */,
				4AD899B31B0B945E00CEAE52 /* CoreData.framework */,
				4AD899B11B0B945400CEAE52 /* Social.framework */,
				4ABD00E51B0B6896004EF897 /* tratata */,
				4ABD00FE1B0B6896004EF897 /* tratataTests */,
				4ABD00E41B0B6896004EF897 /* Products */,
			);
			sourceTree = "<group>";
		};
		4ABD00E41B0B6896004EF897 /* Products */ = {
			isa = PBXGroup;
			children = (
				4ABD00E31B0B6896004EF897 /* tratata.app */,
				4ABD00FB1B0B6896004EF897 /* tratataTests.xctest */,
			);
			name = Products;
			sourceTree = "<group>";
		};
		4ABD00E51B0B6896004EF897 /* tratata */ = {
			isa = PBXGroup;
			children = (
				4ABD00E81B0B6896004EF897 /* AppDelegate.swift */,
				4AD899A71B0B6B3500CEAE52 /* BaseControllerInterface.swift */,
				4AD899A91B0B6CDC00CEAE52 /* TrackListController.swift */,
				4AD899AB1B0B75EA00CEAE52 /* RecorderViewController.swift */,
				4AD899AD1B0B93E100CEAE52 /* SettingsViewController.swift */,
				4AD899AF1B0B93EB00CEAE52 /* DetailsViewController.swift */,
				4AD899C11B0B9EDA00CEAE52 /* Settings.swift */,
				4ABD00EF1B0B6896004EF897 /* Main.storyboard */,
				4ABD00F21B0B6896004EF897 /* Images.xcassets */,
				4ABD00F41B0B6896004EF897 /* LaunchScreen.xib */,
				4ABD00EA1B0B6896004EF897 /* tratata.xcdatamodeld */,
				4ABD00E61B0B6896004EF897 /* Supporting Files */,
				4AD899B91B0B976800CEAE52 /* EditTableViewCell.swift */,
				4AD899BA1B0B976800CEAE52 /* EditTableViewCell.xib */,
			);
			path = tratata;
			sourceTree = "<group>";
		};
		4ABD00E61B0B6896004EF897 /* Supporting Files */ = {
			isa = PBXGroup;
			children = (
				4ABD00E71B0B6896004EF897 /* Info.plist */,
			);
			name = "Supporting Files";
			sourceTree = "<group>";
		};
		4ABD00FE1B0B6896004EF897 /* tratataTests */ = {
			isa = PBXGroup;
			children = (
				4ABD01011B0B6896004EF897 /* tratataTests.swift */,
				4ABD00FF1B0B6896004EF897 /* Supporting Files */,
			);
			path = tratataTests;
			sourceTree = "<group>";
		};
		4ABD00FF1B0B6896004EF897 /* Supporting Files */ = {
			isa = PBXGroup;
			children = (
				4ABD01001B0B6896004EF897 /* Info.plist */,
			);
			name = "Supporting Files";
			sourceTree = "<group>";
		};
/* End PBXGroup section */

/* Begin PBXNativeTarget section */
		4ABD00E21B0B6896004EF897 /* tratata */ = {
			isa = PBXNativeTarget;
			buildConfigurationList = 4ABD01051B0B6896004EF897 /* Build configuration list for PBXNativeTarget "tratata" */;
			buildPhases = (
				4ABD00DF1B0B6896004EF897 /* Sources */,
				4ABD00E01B0B6896004EF897 /* Frameworks */,
				4ABD00E11B0B6896004EF897 /* Resources */,
			);
			buildRules = (
			);
			dependencies = (
			);
			name = tratata;
			productName = tratata;
			productReference = 4ABD00E31B0B6896004EF897 /* tratata.app */;
			productType = "com.apple.product-type.application";
		};
		4ABD00FA1B0B6896004EF897 /* tratataTests */ = {
			isa = PBXNativeTarget;
			buildConfigurationList = 4ABD01081B0B6896004EF897 /* Build configuration list for PBXNativeTarget "tratataTests" */;
			buildPhases = (
				4ABD00F71B0B6896004EF897 /* Sources */,
				4ABD00F81B0B6896004EF897 /* Frameworks */,
				4ABD00F91B0B6896004EF897 /* Resources */,
			);
			buildRules = (
			);
			dependencies = (
				4ABD00FD1B0B6896004EF897 /* PBXTargetDependency */,
			);
			name = tratataTests;
			productName = tratataTests;
			productReference = 4ABD00FB1B0B6896004EF897 /* tratataTests.xctest */;
			productType = "com.apple.product-type.bundle.unit-test";
		};
/* End PBXNativeTarget section */

/* Begin PBXProject section */
		4ABD00DB1B0B6896004EF897 /* Project object */ = {
			isa = PBXProject;
			attributes = {
				LastUpgradeCheck = 0630;
				ORGANIZATIONNAME = "Andrii Tishchenko";
				TargetAttributes = {
					4ABD00E21B0B6896004EF897 = {
						CreatedOnToolsVersion = 6.3.2;
					};
					4ABD00FA1B0B6896004EF897 = {
						CreatedOnToolsVersion = 6.3.2;
						TestTargetID = 4ABD00E21B0B6896004EF897;
					};
				};
			};
			buildConfigurationList = 4ABD00DE1B0B6896004EF897 /* Build configuration list for PBXProject "tratata" */;
			compatibilityVersion = "Xcode 3.2";
			developmentRegion = English;
			hasScannedForEncodings = 0;
			knownRegions = (
				en,
				Base,
			);
			mainGroup = 4ABD00DA1B0B6896004EF897;
			productRefGroup = 4ABD00E41B0B6896004EF897 /* Products */;
			projectDirPath = "";
			projectRoot = "";
			targets = (
				4ABD00E21B0B6896004EF897 /* tratata */,
				4ABD00FA1B0B6896004EF897 /* tratataTests */,
			);
		};
/* End PBXProject section */

/* Begin PBXResourcesBuildPhase section */
		4ABD00E11B0B6896004EF897 /* Resources */ = {
			isa = PBXResourcesBuildPhase;
			buildActionMask = 2147483647;
			files = (
				4ABD00F11B0B6896004EF897 /* Main.storyboard in Resources */,
				4ABD00F61B0B6896004EF897 /* LaunchScreen.xib in Resources */,
				4ABD00F31B0B6896004EF897 /* Images.xcassets in Resources */,
				4AD899BC1B0B976800CEAE52 /* EditTableViewCell.xib in Resources */,
			);
			runOnlyForDeploymentPostprocessing = 0;
		};
		4ABD00F91B0B6896004EF897 /* Resources */ = {
			isa = PBXResourcesBuildPhase;
			buildActionMask = 2147483647;
			files = (
			);
			runOnlyForDeploymentPostprocessing = 0;
		};
/* End PBXResourcesBuildPhase section */

/* Begin PBXSourcesBuildPhase section */
		4ABD00DF1B0B6896004EF897 /* Sources */ = {
			isa = PBXSourcesBuildPhase;
			buildActionMask = 2147483647;
			files = (
				4AD899A81B0B6B3500CEAE52 /* BaseControllerInterface.swift in Sources */,
				4AD899AA1B0B6CDC00CEAE52 /* TrackListController.swift in Sources */,
				4ABD00E91B0B6896004EF897 /* AppDelegate.swift in Sources */,
				4AD899C21B0B9EDA00CEAE52 /* Settings.swift in Sources */,
				4AD899BB1B0B976800CEAE52 /* EditTableViewCell.swift in Sources */,
				4AD899AC1B0B75EA00CEAE52 /* RecorderViewController.swift in Sources */,
				4AD899B01B0B93EB00CEAE52 /* DetailsViewController.swift in Sources */,
				4ABD00EC1B0B6896004EF897 /* tratata.xcdatamodeld in Sources */,
				4AD899AE1B0B93E100CEAE52 /* SettingsViewController.swift in Sources */,
			);
			runOnlyForDeploymentPostprocessing = 0;
		};
		4ABD00F71B0B6896004EF897 /* Sources */ = {
			isa = PBXSourcesBuildPhase;
			buildActionMask = 2147483647;
			files = (
				4ABD01021B0B6896004EF897 /* tratataTests.swift in Sources */,
			);
			runOnlyForDeploymentPostprocessing = 0;
		};
/* End PBXSourcesBuildPhase section */

/* Begin PBXTargetDependency section */
		4ABD00FD1B0B6896004EF897 /* PBXTargetDependency */ = {
			isa = PBXTargetDependency;
			target = 4ABD00E21B0B6896004EF897 /* tratata */;
			targetProxy = 4ABD00FC1B0B6896004EF897 /* PBXContainerItemProxy */;
		};
/* End PBXTargetDependency section */

/* Begin PBXVariantGroup section */
		4ABD00EF1B0B6896004EF897 /* Main.storyboard */ = {
			isa = PBXVariantGroup;
			children = (
				4ABD00F01B0B6896004EF897 /* Base */,
			);
			name = Main.storyboard;
			sourceTree = "<group>";
		};
		4ABD00F41B0B6896004EF897 /* LaunchScreen.xib */ = {
			isa = PBXVariantGroup;
			children = (
				4ABD00F51B0B6896004EF897 /* Base */,
			);
			name = LaunchScreen.xib;
			sourceTree = "<group>";
		};
/* End PBXVariantGroup section */

/* Begin XCBuildConfiguration section */
		4ABD01031B0B6896004EF897 /* Debug */ = {
			isa = XCBuildConfiguration;
			buildSettings = {
				ALWAYS_SEARCH_USER_PATHS = NO;
				CLANG_CXX_LANGUAGE_STANDARD = "gnu++0x";
				CLANG_CXX_LIBRARY = "libc++";
				CLANG_ENABLE_MODULES = YES;
				CLANG_ENABLE_OBJC_ARC = YES;
				CLANG_WARN_BOOL_CONVERSION = YES;
				CLANG_WARN_CONSTANT_CONVERSION = YES;
				CLANG_WARN_DIRECT_OBJC_ISA_USAGE = YES_ERROR;
				CLANG_WARN_EMPTY_BODY = YES;
				CLANG_WARN_ENUM_CONVERSION = YES;
				CLANG_WARN_INT_CONVERSION = YES;
				CLANG_WARN_OBJC_ROOT_CLASS = YES_ERROR;
				CLANG_WARN_UNREACHABLE_CODE = YES;
				CLANG_WARN__DUPLICATE_METHOD_MATCH = YES;
				"CODE_SIGN_IDENTITY[sdk=iphoneos*]" = "iPhone Developer";
				COPY_PHASE_STRIP = NO;
				DEBUG_INFORMATION_FORMAT = "dwarf-with-dsym";
				ENABLE_STRICT_OBJC_MSGSEND = YES;
				GCC_C_LANGUAGE_STANDARD = gnu99;
				GCC_DYNAMIC_NO_PIC = NO;
				GCC_NO_COMMON_BLOCKS = YES;
				GCC_OPTIMIZATION_LEVEL = 0;
				GCC_PREPROCESSOR_DEFINITIONS = (
					"DEBUG=1",
					"$(inherited)",
				);
				GCC_SYMBOLS_PRIVATE_EXTERN = NO;
				GCC_WARN_64_TO_32_BIT_CONVERSION = YES;
				GCC_WARN_ABOUT_RETURN_TYPE = YES_ERROR;
				GCC_WARN_UNDECLARED_SELECTOR = YES;
				GCC_WARN_UNINITIALIZED_AUTOS = YES_AGGRESSIVE;
				GCC_WARN_UNUSED_FUNCTION = YES;
				GCC_WARN_UNUSED_VARIABLE = YES;
				IPHONEOS_DEPLOYMENT_TARGET = 8.3;
				MTL_ENABLE_DEBUG_INFO = YES;
				ONLY_ACTIVE_ARCH = YES;
				SDKROOT = iphoneos;
				SWIFT_OPTIMIZATION_LEVEL = "-Onone";
			};
			name = Debug;
		};
		4ABD01041B0B6896004EF897 /* Release */ = {
			isa = XCBuildConfiguration;
			buildSettings = {
				ALWAYS_SEARCH_USER_PATHS = NO;
				CLANG_CXX_LANGUAGE_STANDARD = "gnu++0x";
				CLANG_CXX_LIBRARY = "libc++";
				CLANG_ENABLE_MODULES = YES;
				CLANG_ENABLE_OBJC_ARC = YES;
				CLANG_WARN_BOOL_CONVERSION = YES;
				CLANG_WARN_CONSTANT_CONVERSION = YES;
				CLANG_WARN_DIRECT_OBJC_ISA_USAGE = YES_ERROR;
				CLANG_WARN_EMPTY_BODY = YES;
				CLANG_WARN_ENUM_CONVERSION = YES;
				CLANG_WARN_INT_CONVERSION = YES;
				CLANG_WARN_OBJC_ROOT_CLASS = YES_ERROR;
				CLANG_WARN_UNREACHABLE_CODE = YES;
				CLANG_WARN__DUPLICATE_METHOD_MATCH = YES;
				"CODE_SIGN_IDENTITY[sdk=iphoneos*]" = "iPhone Developer";
				COPY_PHASE_STRIP = NO;
				DEBUG_INFORMATION_FORMAT = "dwarf-with-dsym";
				ENABLE_NS_ASSERTIONS = NO;
				ENABLE_STRICT_OBJC_MSGSEND = YES;
				GCC_C_LANGUAGE_STANDARD = gnu99;
				GCC_NO_COMMON_BLOCKS = YES;
				GCC_WARN_64_TO_32_BIT_CONVERSION = YES;
				GCC_WARN_ABOUT_RETURN_TYPE = YES_ERROR;
				GCC_WARN_UNDECLARED_SELECTOR = YES;
				GCC_WARN_UNINITIALIZED_AUTOS = YES_AGGRESSIVE;
				GCC_WARN_UNUSED_FUNCTION = YES;
				GCC_WARN_UNUSED_VARIABLE = YES;
				IPHONEOS_DEPLOYMENT_TARGET = 8.3;
				MTL_ENABLE_DEBUG_INFO = NO;
				SDKROOT = iphoneos;
				VALIDATE_PRODUCT = YES;
			};
			name = Release;
		};
		4ABD01061B0B6896004EF897 /* Debug */ = {
			isa = XCBuildConfiguration;
			buildSettings = {
				ASSETCATALOG_COMPILER_APPICON_NAME = AppIcon;
				INFOPLIST_FILE = tratata/Info.plist;
				LD_RUNPATH_SEARCH_PATHS = "$(inherited) @executable_path/Frameworks";
				PRODUCT_NAME = "$(TARGET_NAME)";
			};
			name = Debug;
		};
		4ABD01071B0B6896004EF897 /* Release */ = {
			isa = XCBuildConfiguration;
			buildSettings = {
				ASSETCATALOG_COMPILER_APPICON_NAME = AppIcon;
				INFOPLIST_FILE = tratata/Info.plist;
				LD_RUNPATH_SEARCH_PATHS = "$(inherited) @executable_path/Frameworks";
				PRODUCT_NAME = "$(TARGET_NAME)";
			};
			name = Release;
		};
		4ABD01091B0B6896004EF897 /* Debug */ = {
			isa = XCBuildConfiguration;
			buildSettings = {
				BUNDLE_LOADER = "$(TEST_HOST)";
				FRAMEWORK_SEARCH_PATHS = (
					"$(SDKROOT)/Developer/Library/Frameworks",
					"$(inherited)",
				);
				GCC_PREPROCESSOR_DEFINITIONS = (
					"DEBUG=1",
					"$(inherited)",
				);
				INFOPLIST_FILE = tratataTests/Info.plist;
				LD_RUNPATH_SEARCH_PATHS = "$(inherited) @executable_path/Frameworks @loader_path/Frameworks";
				PRODUCT_NAME = "$(TARGET_NAME)";
				TEST_HOST = "$(BUILT_PRODUCTS_DIR)/tratata.app/tratata";
			};
			name = Debug;
		};
		4ABD010A1B0B6896004EF897 /* Release */ = {
			isa = XCBuildConfiguration;
			buildSettings = {
				BUNDLE_LOADER = "$(TEST_HOST)";
				FRAMEWORK_SEARCH_PATHS = (
					"$(SDKROOT)/Developer/Library/Frameworks",
					"$(inherited)",
				);
				INFOPLIST_FILE = tratataTests/Info.plist;
				LD_RUNPATH_SEARCH_PATHS = "$(inherited) @executable_path/Frameworks @loader_path/Frameworks";
				PRODUCT_NAME = "$(TARGET_NAME)";
				TEST_HOST = "$(BUILT_PRODUCTS_DIR)/tratata.app/tratata";
			};
			name = Release;
		};
/* End XCBuildConfiguration section */

/* Begin XCConfigurationList section */
		4ABD00DE1B0B6896004EF897 /* Build configuration list for PBXProject "tratata" */ = {
			isa = XCConfigurationList;
			buildConfigurations = (
				4ABD01031B0B6896004EF897 /* Debug */,
				4ABD01041B0B6896004EF897 /* Release */,
			);
			defaultConfigurationIsVisible = 0;
			defaultConfigurationName = Release;
		};
		4ABD01051B0B6896004EF897 /* Build configuration list for PBXNativeTarget "tratata" */ = {
			isa = XCConfigurationList;
			buildConfigurations = (
				4ABD01061B0B6896004EF897 /* Debug */,
				4ABD01071B0B6896004EF897 /* Release */,
			);
			defaultConfigurationIsVisible = 0;
			defaultConfigurationName = Release;
		};
		4ABD01081B0B6896004EF897 /* Build configuration list for PBXNativeTarget "tratataTests" */ = {
			isa = XCConfigurationList;
			buildConfigurations = (
				4ABD01091B0B6896004EF897 /* Debug */,
				4ABD010A1B0B6896004EF897 /* Release */,
			);
			defaultConfigurationIsVisible = 0;
			defaultConfigurationName = Release;
		};
/* End XCConfigurationList section */

/* Begin XCVersionGroup section */
		4ABD00EA1B0B6896004EF897 /* tratata.xcdatamodeld */ = {
			isa = XCVersionGroup;
			children = (
				4ABD00EB1B0B6896004EF897 /* tratata.xcdatamodel */,
			);
			currentVersion = 4ABD00EB1B0B6896004EF897 /* tratata.xcdatamodel */;
			path = tratata.xcdatamodeld;
			sourceTree = "<group>";
			versionGroupType = wrapper.xcdatamodel;
		};
/* End XCVersionGroup section */
	};
	rootObject = 4ABD00DB1B0B6896004EF897 /* Project object */;
}
